// !$*UTF8*$!
{
	archiveVersion = 1;
	classes = {
	};
	objectVersion = 50;
	objects = {

/* Begin PBXBuildFile section */
		4047E32E2629FDD6000488DD /* Tests_iOS.swift in Sources */ = {isa = PBXBuildFile; fileRef = 4047E32D2629FDD6000488DD /* Tests_iOS.swift */; };
		4047E3392629FDD6000488DD /* Tests_macOS.swift in Sources */ = {isa = PBXBuildFile; fileRef = 4047E3382629FDD6000488DD /* Tests_macOS.swift */; };
		4047E33B2629FDD6000488DD /* DateTimeCalculatorApp.swift in Sources */ = {isa = PBXBuildFile; fileRef = 4047E3122629FDD5000488DD /* DateTimeCalculatorApp.swift */; };
		4047E33C2629FDD6000488DD /* DateTimeCalculatorApp.swift in Sources */ = {isa = PBXBuildFile; fileRef = 4047E3122629FDD5000488DD /* DateTimeCalculatorApp.swift */; };
		4047E33D2629FDD6000488DD /* ContentView.swift in Sources */ = {isa = PBXBuildFile; fileRef = 4047E3132629FDD5000488DD /* ContentView.swift */; };
		4047E33E2629FDD6000488DD /* ContentView.swift in Sources */ = {isa = PBXBuildFile; fileRef = 4047E3132629FDD5000488DD /* ContentView.swift */; };
		4047E33F2629FDD6000488DD /* Assets.xcassets in Resources */ = {isa = PBXBuildFile; fileRef = 4047E3142629FDD6000488DD /* Assets.xcassets */; };
		4047E3402629FDD6000488DD /* Assets.xcassets in Resources */ = {isa = PBXBuildFile; fileRef = 4047E3142629FDD6000488DD /* Assets.xcassets */; };
		408ECBC2262DCD1600F7434D /* trivia.json in Resources */ = {isa = PBXBuildFile; fileRef = 408ECBC1262DCD1600F7434D /* trivia.json */; };
		408ECBC3262DCD1600F7434D /* trivia.json in Resources */ = {isa = PBXBuildFile; fileRef = 408ECBC1262DCD1600F7434D /* trivia.json */; };
/* End PBXBuildFile section */

/* Begin PBXContainerItemProxy section */
		4047E32A2629FDD6000488DD /* PBXContainerItemProxy */ = {
			isa = PBXContainerItemProxy;
			containerPortal = 4047E30D2629FDD4000488DD /* Project object */;
			proxyType = 1;
			remoteGlobalIDString = 4047E3182629FDD6000488DD;
			remoteInfo = "DateTimeCalculator (iOS)";
		};
		4047E3352629FDD6000488DD /* PBXContainerItemProxy */ = {
			isa = PBXContainerItemProxy;
			containerPortal = 4047E30D2629FDD4000488DD /* Project object */;
			proxyType = 1;
			remoteGlobalIDString = 4047E3202629FDD6000488DD;
			remoteInfo = "DateTimeCalculator (macOS)";
		};
/* End PBXContainerItemProxy section */

/* Begin PBXFileReference section */
		4047E3122629FDD5000488DD /* DateTimeCalculatorApp.swift */ = {isa = PBXFileReference; lastKnownFileType = sourcecode.swift; path = DateTimeCalculatorApp.swift; sourceTree = "<group>"; };
		4047E3132629FDD5000488DD /* ContentView.swift */ = {isa = PBXFileReference; lastKnownFileType = sourcecode.swift; path = ContentView.swift; sourceTree = "<group>"; };
		4047E3142629FDD6000488DD /* Assets.xcassets */ = {isa = PBXFileReference; lastKnownFileType = folder.assetcatalog; path = Assets.xcassets; sourceTree = "<group>"; };
		4047E3192629FDD6000488DD /* DateTimeCalculator.app */ = {isa = PBXFileReference; explicitFileType = wrapper.application; includeInIndex = 0; path = DateTimeCalculator.app; sourceTree = BUILT_PRODUCTS_DIR; };
		4047E31C2629FDD6000488DD /* Info.plist */ = {isa = PBXFileReference; lastKnownFileType = text.plist.xml; path = Info.plist; sourceTree = "<group>"; };
		4047E3212629FDD6000488DD /* DateTimeCalculator.app */ = {isa = PBXFileReference; explicitFileType = wrapper.application; includeInIndex = 0; path = DateTimeCalculator.app; sourceTree = BUILT_PRODUCTS_DIR; };
		4047E3232629FDD6000488DD /* Info.plist */ = {isa = PBXFileReference; lastKnownFileType = text.plist.xml; path = Info.plist; sourceTree = "<group>"; };
		4047E3242629FDD6000488DD /* macOS.entitlements */ = {isa = PBXFileReference; lastKnownFileType = text.plist.entitlements; path = macOS.entitlements; sourceTree = "<group>"; };
		4047E3292629FDD6000488DD /* Tests iOS.xctest */ = {isa = PBXFileReference; explicitFileType = wrapper.cfbundle; includeInIndex = 0; path = "Tests iOS.xctest"; sourceTree = BUILT_PRODUCTS_DIR; };
		4047E32D2629FDD6000488DD /* Tests_iOS.swift */ = {isa = PBXFileReference; lastKnownFileType = sourcecode.swift; path = Tests_iOS.swift; sourceTree = "<group>"; };
		4047E32F2629FDD6000488DD /* Info.plist */ = {isa = PBXFileReference; lastKnownFileType = text.plist.xml; path = Info.plist; sourceTree = "<group>"; };
		4047E3342629FDD6000488DD /* Tests macOS.xctest */ = {isa = PBXFileReference; explicitFileType = wrapper.cfbundle; includeInIndex = 0; path = "Tests macOS.xctest"; sourceTree = BUILT_PRODUCTS_DIR; };
		4047E3382629FDD6000488DD /* Tests_macOS.swift */ = {isa = PBXFileReference; lastKnownFileType = sourcecode.swift; path = Tests_macOS.swift; sourceTree = "<group>"; };
		4047E33A2629FDD6000488DD /* Info.plist */ = {isa = PBXFileReference; lastKnownFileType = text.plist.xml; path = Info.plist; sourceTree = "<group>"; };
		408ECBC1262DCD1600F7434D /* trivia.json */ = {isa = PBXFileReference; lastKnownFileType = text.json; path = trivia.json; sourceTree = "<group>"; };
/* End PBXFileReference section */

/* Begin PBXFrameworksBuildPhase section */
		4047E3162629FDD6000488DD /* Frameworks */ = {
			isa = PBXFrameworksBuildPhase;
			buildActionMask = 2147483647;
			files = (
			);
			runOnlyForDeploymentPostprocessing = 0;
		};
		4047E31E2629FDD6000488DD /* Frameworks */ = {
			isa = PBXFrameworksBuildPhase;
			buildActionMask = 2147483647;
			files = (
			);
			runOnlyForDeploymentPostprocessing = 0;
		};
		4047E3262629FDD6000488DD /* Frameworks */ = {
			isa = PBXFrameworksBuildPhase;
			buildActionMask = 2147483647;
			files = (
			);
			runOnlyForDeploymentPostprocessing = 0;
		};
		4047E3312629FDD6000488DD /* Frameworks */ = {
			isa = PBXFrameworksBuildPhase;
			buildActionMask = 2147483647;
			files = (
			);
			runOnlyForDeploymentPostprocessing = 0;
		};
/* End PBXFrameworksBuildPhase section */

/* Begin PBXGroup section */
		4047E30C2629FDD4000488DD = {
			isa = PBXGroup;
			children = (
				4047E3112629FDD5000488DD /* Shared */,
				4047E31B2629FDD6000488DD /* iOS */,
				4047E3222629FDD6000488DD /* macOS */,
				4047E32C2629FDD6000488DD /* Tests iOS */,
				4047E3372629FDD6000488DD /* Tests macOS */,
				4047E31A2629FDD6000488DD /* Products */,
			);
			sourceTree = "<group>";
		};
		4047E3112629FDD5000488DD /* Shared */ = {
			isa = PBXGroup;
			children = (
				4047E3122629FDD5000488DD /* DateTimeCalculatorApp.swift */,
				4047E3132629FDD5000488DD /* ContentView.swift */,
				4047E3142629FDD6000488DD /* Assets.xcassets */,
				408ECBC1262DCD1600F7434D /* trivia.json */,
			);
			path = Shared;
			sourceTree = "<group>";
		};
		4047E31A2629FDD6000488DD /* Products */ = {
			isa = PBXGroup;
			children = (
				4047E3192629FDD6000488DD /* DateTimeCalculator.app */,
				4047E3212629FDD6000488DD /* DateTimeCalculator.app */,
				4047E3292629FDD6000488DD /* Tests iOS.xctest */,
				4047E3342629FDD6000488DD /* Tests macOS.xctest */,
			);
			name = Products;
			sourceTree = "<group>";
		};
		4047E31B2629FDD6000488DD /* iOS */ = {
			isa = PBXGroup;
			children = (
				4047E31C2629FDD6000488DD /* Info.plist */,
			);
			path = iOS;
			sourceTree = "<group>";
		};
		4047E3222629FDD6000488DD /* macOS */ = {
			isa = PBXGroup;
			children = (
				4047E3232629FDD6000488DD /* Info.plist */,
				4047E3242629FDD6000488DD /* macOS.entitlements */,
			);
			path = macOS;
			sourceTree = "<group>";
		};
		4047E32C2629FDD6000488DD /* Tests iOS */ = {
			isa = PBXGroup;
			children = (
				4047E32D2629FDD6000488DD /* Tests_iOS.swift */,
				4047E32F2629FDD6000488DD /* Info.plist */,
			);
			path = "Tests iOS";
			sourceTree = "<group>";
		};
		4047E3372629FDD6000488DD /* Tests macOS */ = {
			isa = PBXGroup;
			children = (
				4047E3382629FDD6000488DD /* Tests_macOS.swift */,
				4047E33A2629FDD6000488DD /* Info.plist */,
			);
			path = "Tests macOS";
			sourceTree = "<group>";
		};
/* End PBXGroup section */

/* Begin PBXNativeTarget section */
		4047E3182629FDD6000488DD /* DateTimeCalculator (iOS) */ = {
			isa = PBXNativeTarget;
			buildConfigurationList = 4047E3432629FDD6000488DD /* Build configuration list for PBXNativeTarget "DateTimeCalculator (iOS)" */;
			buildPhases = (
				4047E3152629FDD6000488DD /* Sources */,
				4047E3162629FDD6000488DD /* Frameworks */,
				4047E3172629FDD6000488DD /* Resources */,
			);
			buildRules = (
			);
			dependencies = (
			);
			name = "DateTimeCalculator (iOS)";
			productName = "DateTimeCalculator (iOS)";
			productReference = 4047E3192629FDD6000488DD /* DateTimeCalculator.app */;
			productType = "com.apple.product-type.application";
		};
		4047E3202629FDD6000488DD /* DateTimeCalculator (macOS) */ = {
			isa = PBXNativeTarget;
			buildConfigurationList = 4047E3462629FDD6000488DD /* Build configuration list for PBXNativeTarget "DateTimeCalculator (macOS)" */;
			buildPhases = (
				4047E31D2629FDD6000488DD /* Sources */,
				4047E31E2629FDD6000488DD /* Frameworks */,
				4047E31F2629FDD6000488DD /* Resources */,
			);
			buildRules = (
			);
			dependencies = (
			);
			name = "DateTimeCalculator (macOS)";
			productName = "DateTimeCalculator (macOS)";
			productReference = 4047E3212629FDD6000488DD /* DateTimeCalculator.app */;
			productType = "com.apple.product-type.application";
		};
		4047E3282629FDD6000488DD /* Tests iOS */ = {
			isa = PBXNativeTarget;
			buildConfigurationList = 4047E3492629FDD6000488DD /* Build configuration list for PBXNativeTarget "Tests iOS" */;
			buildPhases = (
				4047E3252629FDD6000488DD /* Sources */,
				4047E3262629FDD6000488DD /* Frameworks */,
				4047E3272629FDD6000488DD /* Resources */,
			);
			buildRules = (
			);
			dependencies = (
				4047E32B2629FDD6000488DD /* PBXTargetDependency */,
			);
			name = "Tests iOS";
			productName = "Tests iOS";
			productReference = 4047E3292629FDD6000488DD /* Tests iOS.xctest */;
			productType = "com.apple.product-type.bundle.ui-testing";
		};
		4047E3332629FDD6000488DD /* Tests macOS */ = {
			isa = PBXNativeTarget;
			buildConfigurationList = 4047E34C2629FDD6000488DD /* Build configuration list for PBXNativeTarget "Tests macOS" */;
			buildPhases = (
				4047E3302629FDD6000488DD /* Sources */,
				4047E3312629FDD6000488DD /* Frameworks */,
				4047E3322629FDD6000488DD /* Resources */,
			);
			buildRules = (
			);
			dependencies = (
				4047E3362629FDD6000488DD /* PBXTargetDependency */,
			);
			name = "Tests macOS";
			productName = "Tests macOS";
			productReference = 4047E3342629FDD6000488DD /* Tests macOS.xctest */;
			productType = "com.apple.product-type.bundle.ui-testing";
		};
/* End PBXNativeTarget section */

/* Begin PBXProject section */
		4047E30D2629FDD4000488DD /* Project object */ = {
			isa = PBXProject;
			attributes = {
				LastSwiftUpdateCheck = 1240;
				LastUpgradeCheck = 1240;
				TargetAttributes = {
					4047E3182629FDD6000488DD = {
						CreatedOnToolsVersion = 12.4;
					};
					4047E3202629FDD6000488DD = {
						CreatedOnToolsVersion = 12.4;
					};
					4047E3282629FDD6000488DD = {
						CreatedOnToolsVersion = 12.4;
						TestTargetID = 4047E3182629FDD6000488DD;
					};
					4047E3332629FDD6000488DD = {
						CreatedOnToolsVersion = 12.4;
						TestTargetID = 4047E3202629FDD6000488DD;
					};
				};
			};
			buildConfigurationList = 4047E3102629FDD4000488DD /* Build configuration list for PBXProject "DateTimeCalculator" */;
			compatibilityVersion = "Xcode 9.3";
			developmentRegion = en;
			hasScannedForEncodings = 0;
			knownRegions = (
				en,
				Base,
			);
			mainGroup = 4047E30C2629FDD4000488DD;
			productRefGroup = 4047E31A2629FDD6000488DD /* Products */;
			projectDirPath = "";
			projectRoot = "";
			targets = (
				4047E3182629FDD6000488DD /* DateTimeCalculator (iOS) */,
				4047E3202629FDD6000488DD /* DateTimeCalculator (macOS) */,
				4047E3282629FDD6000488DD /* Tests iOS */,
				4047E3332629FDD6000488DD /* Tests macOS */,
			);
		};
/* End PBXProject section */

/* Begin PBXResourcesBuildPhase section */
		4047E3172629FDD6000488DD /* Resources */ = {
			isa = PBXResourcesBuildPhase;
			buildActionMask = 2147483647;
			files = (
				408ECBC2262DCD1600F7434D /* trivia.json in Resources */,
				4047E33F2629FDD6000488DD /* Assets.xcassets in Resources */,
			);
			runOnlyForDeploymentPostprocessing = 0;
		};
		4047E31F2629FDD6000488DD /* Resources */ = {
			isa = PBXResourcesBuildPhase;
			buildActionMask = 2147483647;
			files = (
				408ECBC3262DCD1600F7434D /* trivia.json in Resources */,
				4047E3402629FDD6000488DD /* Assets.xcassets in Resources */,
			);
			runOnlyForDeploymentPostprocessing = 0;
		};
		4047E3272629FDD6000488DD /* Resources */ = {
			isa = PBXResourcesBuildPhase;
			buildActionMask = 2147483647;
			files = (
			);
			runOnlyForDeploymentPostprocessing = 0;
		};
		4047E3322629FDD6000488DD /* Resources */ = {
			isa = PBXResourcesBuildPhase;
			buildActionMask = 2147483647;
			files = (
			);
			runOnlyForDeploymentPostprocessing = 0;
		};
/* End PBXResourcesBuildPhase section */

/* Begin PBXSourcesBuildPhase section */
		4047E3152629FDD6000488DD /* Sources */ = {
			isa = PBXSourcesBuildPhase;
			buildActionMask = 2147483647;
			files = (
				4047E33D2629FDD6000488DD /* ContentView.swift in Sources */,
				4047E33B2629FDD6000488DD /* DateTimeCalculatorApp.swift in Sources */,
			);
			runOnlyForDeploymentPostprocessing = 0;
		};
		4047E31D2629FDD6000488DD /* Sources */ = {
			isa = PBXSourcesBuildPhase;
			buildActionMask = 2147483647;
			files = (
				4047E33E2629FDD6000488DD /* ContentView.swift in Sources */,
				4047E33C2629FDD6000488DD /* DateTimeCalculatorApp.swift in Sources */,
			);
			runOnlyForDeploymentPostprocessing = 0;
		};
		4047E3252629FDD6000488DD /* Sources */ = {
			isa = PBXSourcesBuildPhase;
			buildActionMask = 2147483647;
			files = (
				4047E32E2629FDD6000488DD /* Tests_iOS.swift in Sources */,
			);
			runOnlyForDeploymentPostprocessing = 0;
		};
		4047E3302629FDD6000488DD /* Sources */ = {
			isa = PBXSourcesBuildPhase;
			buildActionMask = 2147483647;
			files = (
				4047E3392629FDD6000488DD /* Tests_macOS.swift in Sources */,
			);
			runOnlyForDeploymentPostprocessing = 0;
		};
/* End PBXSourcesBuildPhase section */

/* Begin PBXTargetDependency section */
		4047E32B2629FDD6000488DD /* PBXTargetDependency */ = {
			isa = PBXTargetDependency;
			target = 4047E3182629FDD6000488DD /* DateTimeCalculator (iOS) */;
			targetProxy = 4047E32A2629FDD6000488DD /* PBXContainerItemProxy */;
		};
		4047E3362629FDD6000488DD /* PBXTargetDependency */ = {
			isa = PBXTargetDependency;
			target = 4047E3202629FDD6000488DD /* DateTimeCalculator (macOS) */;
			targetProxy = 4047E3352629FDD6000488DD /* PBXContainerItemProxy */;
		};
/* End PBXTargetDependency section */

/* Begin XCBuildConfiguration section */
		4047E3412629FDD6000488DD /* Debug */ = {
			isa = XCBuildConfiguration;
			buildSettings = {
				ALWAYS_SEARCH_USER_PATHS = NO;
				CLANG_ANALYZER_NONNULL = YES;
				CLANG_ANALYZER_NUMBER_OBJECT_CONVERSION = YES_AGGRESSIVE;
				CLANG_CXX_LANGUAGE_STANDARD = "gnu++14";
				CLANG_CXX_LIBRARY = "libc++";
				CLANG_ENABLE_MODULES = YES;
				CLANG_ENABLE_OBJC_ARC = YES;
				CLANG_ENABLE_OBJC_WEAK = YES;
				CLANG_WARN_BLOCK_CAPTURE_AUTORELEASING = YES;
				CLANG_WARN_BOOL_CONVERSION = YES;
				CLANG_WARN_COMMA = YES;
				CLANG_WARN_CONSTANT_CONVERSION = YES;
				CLANG_WARN_DEPRECATED_OBJC_IMPLEMENTATIONS = YES;
				CLANG_WARN_DIRECT_OBJC_ISA_USAGE = YES_ERROR;
				CLANG_WARN_DOCUMENTATION_COMMENTS = YES;
				CLANG_WARN_EMPTY_BODY = YES;
				CLANG_WARN_ENUM_CONVERSION = YES;
				CLANG_WARN_INFINITE_RECURSION = YES;
				CLANG_WARN_INT_CONVERSION = YES;
				CLANG_WARN_NON_LITERAL_NULL_CONVERSION = YES;
				CLANG_WARN_OBJC_IMPLICIT_RETAIN_SELF = YES;
				CLANG_WARN_OBJC_LITERAL_CONVERSION = YES;
				CLANG_WARN_OBJC_ROOT_CLASS = YES_ERROR;
				CLANG_WARN_QUOTED_INCLUDE_IN_FRAMEWORK_HEADER = YES;
				CLANG_WARN_RANGE_LOOP_ANALYSIS = YES;
				CLANG_WARN_STRICT_PROTOTYPES = YES;
				CLANG_WARN_SUSPICIOUS_MOVE = YES;
				CLANG_WARN_UNGUARDED_AVAILABILITY = YES_AGGRESSIVE;
				CLANG_WARN_UNREACHABLE_CODE = YES;
				CLANG_WARN__DUPLICATE_METHOD_MATCH = YES;
				COPY_PHASE_STRIP = NO;
				DEBUG_INFORMATION_FORMAT = dwarf;
				ENABLE_STRICT_OBJC_MSGSEND = YES;
				ENABLE_TESTABILITY = YES;
				GCC_C_LANGUAGE_STANDARD = gnu11;
				GCC_DYNAMIC_NO_PIC = NO;
				GCC_NO_COMMON_BLOCKS = YES;
				GCC_OPTIMIZATION_LEVEL = 0;
				GCC_PREPROCESSOR_DEFINITIONS = (
					"DEBUG=1",
					"$(inherited)",
				);
				GCC_WARN_64_TO_32_BIT_CONVERSION = YES;
				GCC_WARN_ABOUT_RETURN_TYPE = YES_ERROR;
				GCC_WARN_UNDECLARED_SELECTOR = YES;
				GCC_WARN_UNINITIALIZED_AUTOS = YES_AGGRESSIVE;
				GCC_WARN_UNUSED_FUNCTION = YES;
				GCC_WARN_UNUSED_VARIABLE = YES;
				MTL_ENABLE_DEBUG_INFO = INCLUDE_SOURCE;
				MTL_FAST_MATH = YES;
				ONLY_ACTIVE_ARCH = YES;
				SWIFT_ACTIVE_COMPILATION_CONDITIONS = DEBUG;
				SWIFT_OPTIMIZATION_LEVEL = "-Onone";
			};
			name = Debug;
		};
		4047E3422629FDD6000488DD /* Release */ = {
			isa = XCBuildConfiguration;
			buildSettings = {
				ALWAYS_SEARCH_USER_PATHS = NO;
				CLANG_ANALYZER_NONNULL = YES;
				CLANG_ANALYZER_NUMBER_OBJECT_CONVERSION = YES_AGGRESSIVE;
				CLANG_CXX_LANGUAGE_STANDARD = "gnu++14";
				CLANG_CXX_LIBRARY = "libc++";
				CLANG_ENABLE_MODULES = YES;
				CLANG_ENABLE_OBJC_ARC = YES;
				CLANG_ENABLE_OBJC_WEAK = YES;
				CLANG_WARN_BLOCK_CAPTURE_AUTORELEASING = YES;
				CLANG_WARN_BOOL_CONVERSION = YES;
				CLANG_WARN_COMMA = YES;
				CLANG_WARN_CONSTANT_CONVERSION = YES;
				CLANG_WARN_DEPRECATED_OBJC_IMPLEMENTATIONS = YES;
				CLANG_WARN_DIRECT_OBJC_ISA_USAGE = YES_ERROR;
				CLANG_WARN_DOCUMENTATION_COMMENTS = YES;
				CLANG_WARN_EMPTY_BODY = YES;
				CLANG_WARN_ENUM_CONVERSION = YES;
				CLANG_WARN_INFINITE_RECURSION = YES;
				CLANG_WARN_INT_CONVERSION = YES;
				CLANG_WARN_NON_LITERAL_NULL_CONVERSION = YES;
				CLANG_WARN_OBJC_IMPLICIT_RETAIN_SELF = YES;
				CLANG_WARN_OBJC_LITERAL_CONVERSION = YES;
				CLANG_WARN_OBJC_ROOT_CLASS = YES_ERROR;
				CLANG_WARN_QUOTED_INCLUDE_IN_FRAMEWORK_HEADER = YES;
				CLANG_WARN_RANGE_LOOP_ANALYSIS = YES;
				CLANG_WARN_STRICT_PROTOTYPES = YES;
				CLANG_WARN_SUSPICIOUS_MOVE = YES;
				CLANG_WARN_UNGUARDED_AVAILABILITY = YES_AGGRESSIVE;
				CLANG_WARN_UNREACHABLE_CODE = YES;
				CLANG_WARN__DUPLICATE_METHOD_MATCH = YES;
				COPY_PHASE_STRIP = NO;
				DEBUG_INFORMATION_FORMAT = "dwarf-with-dsym";
				ENABLE_NS_ASSERTIONS = NO;
				ENABLE_STRICT_OBJC_MSGSEND = YES;
				GCC_C_LANGUAGE_STANDARD = gnu11;
				GCC_NO_COMMON_BLOCKS = YES;
				GCC_WARN_64_TO_32_BIT_CONVERSION = YES;
				GCC_WARN_ABOUT_RETURN_TYPE = YES_ERROR;
				GCC_WARN_UNDECLARED_SELECTOR = YES;
				GCC_WARN_UNINITIALIZED_AUTOS = YES_AGGRESSIVE;
				GCC_WARN_UNUSED_FUNCTION = YES;
				GCC_WARN_UNUSED_VARIABLE = YES;
				MTL_ENABLE_DEBUG_INFO = NO;
				MTL_FAST_MATH = YES;
				SWIFT_COMPILATION_MODE = wholemodule;
				SWIFT_OPTIMIZATION_LEVEL = "-O";
			};
			name = Release;
		};
		4047E3442629FDD6000488DD /* Debug */ = {
			isa = XCBuildConfiguration;
			buildSettings = {
				ASSETCATALOG_COMPILER_APPICON_NAME = AppIcon;
				ASSETCATALOG_COMPILER_GLOBAL_ACCENT_COLOR_NAME = AccentColor;
				CODE_SIGN_STYLE = Automatic;
				DEVELOPMENT_TEAM = 7WN843C9WN;
				ENABLE_PREVIEWS = YES;
				INFOPLIST_FILE = iOS/Info.plist;
				IPHONEOS_DEPLOYMENT_TARGET = 14.0;
				LD_RUNPATH_SEARCH_PATHS = (
					"$(inherited)",
					"@executable_path/Frameworks",
				);
				PRODUCT_BUNDLE_IDENTIFIER = com.dkanen.DateTimeCalculator;
				PRODUCT_NAME = DateTimeCalculator;
				SDKROOT = iphoneos;
				SWIFT_VERSION = 5.0;
				TARGETED_DEVICE_FAMILY = "1,2";
			};
			name = Debug;
		};
		4047E3452629FDD6000488DD /* Release */ = {
			isa = XCBuildConfiguration;
			buildSettings = {
				ASSETCATALOG_COMPILER_APPICON_NAME = AppIcon;
				ASSETCATALOG_COMPILER_GLOBAL_ACCENT_COLOR_NAME = AccentColor;
				CODE_SIGN_STYLE = Automatic;
				DEVELOPMENT_TEAM = 7WN843C9WN;
				ENABLE_PREVIEWS = YES;
				INFOPLIST_FILE = iOS/Info.plist;
				IPHONEOS_DEPLOYMENT_TARGET = 14.0;
				LD_RUNPATH_SEARCH_PATHS = (
					"$(inherited)",
					"@executable_path/Frameworks",
				);
				PRODUCT_BUNDLE_IDENTIFIER = com.dkanen.DateTimeCalculator;
				PRODUCT_NAME = DateTimeCalculator;
				SDKROOT = iphoneos;
				SWIFT_VERSION = 5.0;
				TARGETED_DEVICE_FAMILY = "1,2";
				VALIDATE_PRODUCT = YES;
			};
			name = Release;
		};
		4047E3472629FDD6000488DD /* Debug */ = {
			isa = XCBuildConfiguration;
			buildSettings = {
				ASSETCATALOG_COMPILER_APPICON_NAME = AppIcon;
				ASSETCATALOG_COMPILER_GLOBAL_ACCENT_COLOR_NAME = AccentColor;
				CODE_SIGN_ENTITLEMENTS = macOS/macOS.entitlements;
				CODE_SIGN_STYLE = Automatic;
				COMBINE_HIDPI_IMAGES = YES;
				DEVELOPMENT_TEAM = 7WN843C9WN;
				ENABLE_HARDENED_RUNTIME = YES;
				ENABLE_PREVIEWS = YES;
				INFOPLIST_FILE = macOS/Info.plist;
				LD_RUNPATH_SEARCH_PATHS = (
					"$(inherited)",
					"@executable_path/../Frameworks",
				);
				MACOSX_DEPLOYMENT_TARGET = 11.0;
				PRODUCT_BUNDLE_IDENTIFIER = com.dkanen.DateTimeCalculator;
				PRODUCT_NAME = DateTimeCalculator;
				SDKROOT = macosx;
				SWIFT_VERSION = 5.0;
			};
			name = Debug;
		};
		4047E3482629FDD6000488DD /* Release */ = {
			isa = XCBuildConfiguration;
			buildSettings = {
				ASSETCATALOG_COMPILER_APPICON_NAME = AppIcon;
				ASSETCATALOG_COMPILER_GLOBAL_ACCENT_COLOR_NAME = AccentColor;
				CODE_SIGN_ENTITLEMENTS = macOS/macOS.entitlements;
				CODE_SIGN_STYLE = Automatic;
				COMBINE_HIDPI_IMAGES = YES;
				DEVELOPMENT_TEAM = 7WN843C9WN;
				ENABLE_HARDENED_RUNTIME = YES;
				ENABLE_PREVIEWS = YES;
				INFOPLIST_FILE = macOS/Info.plist;
				LD_RUNPATH_SEARCH_PATHS = (
					"$(inherited)",
					"@executable_path/../Frameworks",
				);
				MACOSX_DEPLOYMENT_TARGET = 11.0;
				PRODUCT_BUNDLE_IDENTIFIER = com.dkanen.DateTimeCalculator;
				PRODUCT_NAME = DateTimeCalculator;
				SDKROOT = macosx;
				SWIFT_VERSION = 5.0;
			};
			name = Release;
		};
		4047E34A2629FDD6000488DD /* Debug */ = {
			isa = XCBuildConfiguration;
			buildSettings = {
				ALWAYS_EMBED_SWIFT_STANDARD_LIBRARIES = YES;
				CODE_SIGN_STYLE = Automatic;
				DEVELOPMENT_TEAM = 7WN843C9WN;
				INFOPLIST_FILE = "Tests iOS/Info.plist";
				IPHONEOS_DEPLOYMENT_TARGET = 14.4;
				LD_RUNPATH_SEARCH_PATHS = (
					"$(inherited)",
					"@executable_path/Frameworks",
					"@loader_path/Frameworks",
				);
				PRODUCT_BUNDLE_IDENTIFIER = "com.dkanen.Tests-iOS";
				PRODUCT_NAME = "$(TARGET_NAME)";
				SDKROOT = iphoneos;
				SWIFT_VERSION = 5.0;
				TARGETED_DEVICE_FAMILY = "1,2";
				TEST_TARGET_NAME = "DateTimeCalculator (iOS)";
			};
			name = Debug;
		};
		4047E34B2629FDD6000488DD /* Release */ = {
			isa = XCBuildConfiguration;
			buildSettings = {
				ALWAYS_EMBED_SWIFT_STANDARD_LIBRARIES = YES;
				CODE_SIGN_STYLE = Automatic;
				DEVELOPMENT_TEAM = 7WN843C9WN;
				INFOPLIST_FILE = "Tests iOS/Info.plist";
				IPHONEOS_DEPLOYMENT_TARGET = 14.4;
				LD_RUNPATH_SEARCH_PATHS = (
					"$(inherited)",
					"@executable_path/Frameworks",
					"@loader_path/Frameworks",
				);
				PRODUCT_BUNDLE_IDENTIFIER = "com.dkanen.Tests-iOS";
				PRODUCT_NAME = "$(TARGET_NAME)";
				SDKROOT = iphoneos;
				SWIFT_VERSION = 5.0;
				TARGETED_DEVICE_FAMILY = "1,2";
				TEST_TARGET_NAME = "DateTimeCalculator (iOS)";
				VALIDATE_PRODUCT = YES;
			};
			name = Release;
		};
		4047E34D2629FDD6000488DD /* Debug */ = {
			isa = XCBuildConfiguration;
			buildSettings = {
				ALWAYS_EMBED_SWIFT_STANDARD_LIBRARIES = YES;
				CODE_SIGN_STYLE = Automatic;
				COMBINE_HIDPI_IMAGES = YES;
				DEVELOPMENT_TEAM = 7WN843C9WN;
				INFOPLIST_FILE = "Tests macOS/Info.plist";
				LD_RUNPATH_SEARCH_PATHS = (
					"$(inherited)",
					"@executable_path/../Frameworks",
					"@loader_path/../Frameworks",
				);
				MACOSX_DEPLOYMENT_TARGET = 11.1;
				PRODUCT_BUNDLE_IDENTIFIER = "com.dkanen.Tests-macOS";
				PRODUCT_NAME = "$(TARGET_NAME)";
				SDKROOT = macosx;
				SWIFT_VERSION = 5.0;
				TEST_TARGET_NAME = "DateTimeCalculator (macOS)";
			};
			name = Debug;
		};
		4047E34E2629FDD6000488DD /* Release */ = {
			isa = XCBuildConfiguration;
			buildSettings = {
				ALWAYS_EMBED_SWIFT_STANDARD_LIBRARIES = YES;
				CODE_SIGN_STYLE = Automatic;
				COMBINE_HIDPI_IMAGES = YES;
				DEVELOPMENT_TEAM = 7WN843C9WN;
				INFOPLIST_FILE = "Tests macOS/Info.plist";
				LD_RUNPATH_SEARCH_PATHS = (
					"$(inherited)",
					"@executable_path/../Frameworks",
					"@loader_path/../Frameworks",
				);
				MACOSX_DEPLOYMENT_TARGET = 11.1;
				PRODUCT_BUNDLE_IDENTIFIER = "com.dkanen.Tests-macOS";
				PRODUCT_NAME = "$(TARGET_NAME)";
				SDKROOT = macosx;
				SWIFT_VERSION = 5.0;
				TEST_TARGET_NAME = "DateTimeCalculator (macOS)";
			};
			name = Release;
		};
/* End XCBuildConfiguration section */

/* Begin XCConfigurationList section */
		4047E3102629FDD4000488DD /* Build configuration list for PBXProject "DateTimeCalculator" */ = {
			isa = XCConfigurationList;
			buildConfigurations = (
				4047E3412629FDD6000488DD /* Debug */,
				4047E3422629FDD6000488DD /* Release */,
			);
			defaultConfigurationIsVisible = 0;
			defaultConfigurationName = Release;
		};
		4047E3432629FDD6000488DD /* Build configuration list for PBXNativeTarget "DateTimeCalculator (iOS)" */ = {
			isa = XCConfigurationList;
			buildConfigurations = (
				4047E3442629FDD6000488DD /* Debug */,
				4047E3452629FDD6000488DD /* Release */,
			);
			defaultConfigurationIsVisible = 0;
			defaultConfigurationName = Release;
		};
		4047E3462629FDD6000488DD /* Build configuration list for PBXNativeTarget "DateTimeCalculator (macOS)" */ = {
			isa = XCConfigurationList;
			buildConfigurations = (
				4047E3472629FDD6000488DD /* Debug */,
				4047E3482629FDD6000488DD /* Release */,
			);
			defaultConfigurationIsVisible = 0;
			defaultConfigurationName = Release;
		};
		4047E3492629FDD6000488DD /* Build configuration list for PBXNativeTarget "Tests iOS" */ = {
			isa = XCConfigurationList;
			buildConfigurations = (
				4047E34A2629FDD6000488DD /* Debug */,
				4047E34B2629FDD6000488DD /* Release */,
			);
			defaultConfigurationIsVisible = 0;
			defaultConfigurationName = Release;
		};
		4047E34C2629FDD6000488DD /* Build configuration list for PBXNativeTarget "Tests macOS" */ = {
			isa = XCConfigurationList;
			buildConfigurations = (
				4047E34D2629FDD6000488DD /* Debug */,
				4047E34E2629FDD6000488DD /* Release */,
			);
			defaultConfigurationIsVisible = 0;
			defaultConfigurationName = Release;
		};
/* End XCConfigurationList section */
	};
	rootObject = 4047E30D2629FDD4000488DD /* Project object */;
}
